
Microsoft Visual Studio Solution File, Format Version 12.00
# Visual Studio Version 17
VisualStudioVersion = 17.14.36408.4 d17.14
MinimumVisualStudioVersion = 10.0.40219.1
Project("{FAE04EC0-301F-11D3-BF4B-00C04F79EFBC}") = "OpsMarine.Api", "OpsMarine.Api\OpsMarine.Api.csproj", "{CEFE4BFA-A6B5-4198-9989-2335833AE72C}"
EndProject
Global
	GlobalSection(SolutionConfigurationPlatforms) = preSolution
		Debug|Any CPU = Debug|Any CPU
		Release|Any CPU = Release|Any CPU
	EndGlobalSection
	GlobalSection(ProjectConfigurationPlatforms) = postSolution
		{CEFE4BFA-A6B5-4198-9989-2335833AE72C}.Debug|Any CPU.ActiveCfg = Debug|Any CPU
		{CEFE4BFA-A6B5-4198-9989-2335833AE72C}.Debug|Any CPU.Build.0 = Debug|Any CPU
		{CEFE4BFA-A6B5-4198-9989-2335833AE72C}.Release|Any CPU.ActiveCfg = Release|Any CPU
		{CEFE4BFA-A6B5-4198-9989-2335833AE72C}.Release|Any CPU.Build.0 = Release|Any CPU
	EndGlobalSection
	GlobalSection(SolutionProperties) = preSolution
		HideSolutionNode = FALSE
	EndGlobalSection
	GlobalSection(ExtensibilityGlobals) = postSolution
		SolutionGuid = {23AD2FAD-BB1F-4633-A3A6-DC95E3E24EC4}
	EndGlobalSection
EndGlobal
